
Microsoft Visual Studio Solution File, Format Version 12.00
# Visual Studio Version 16
VisualStudioVersion = 16.0.31702.278
MinimumVisualStudioVersion = 10.0.40219.1
Project("{FAE04EC0-301F-11D3-BF4B-00C04F79EFBC}") = "PhilWare", "PhilWare\PhilWare.csproj", "{9F220C0B-85BE-4778-A184-2E894C01538C}"
EndProject
Global
	GlobalSection(SolutionConfigurationPlatforms) = preSolution
		Debug|Any CPU = Debug|Any CPU
		Release|Any CPU = Release|Any CPU
	EndGlobalSection
	GlobalSection(ProjectConfigurationPlatforms) = postSolution
		{9F220C0B-85BE-4778-A184-2E894C01538C}.Debug|Any CPU.ActiveCfg = Debug|Any CPU
		{9F220C0B-85BE-4778-A184-2E894C01538C}.Debug|Any CPU.Build.0 = Debug|Any CPU
		{9F220C0B-85BE-4778-A184-2E894C01538C}.Release|Any CPU.ActiveCfg = Release|Any CPU
		{9F220C0B-85BE-4778-A184-2E894C01538C}.Release|Any CPU.Build.0 = Release|Any CPU
	EndGlobalSection
	GlobalSection(SolutionProperties) = preSolution
		HideSolutionNode = FALSE
	EndGlobalSection
	GlobalSection(ExtensibilityGlobals) = postSolution
		SolutionGuid = {7BF67D20-CFB3-4C8C-8E48-2F9291812B05}
	EndGlobalSection
EndGlobal
